{
  "version": 4,
  "terraform_version": "0.12.16",
  "serial": 31,
  "lineage": "a105d108-3a30-406b-0cd5-5bf1047bd8cf",
  "outputs": {},
  "resources": [
    {
      "mode": "managed",
      "type": "aws_subnet",
      "name": "subnet1",
      "provider": "provider.aws",
      "instances": [
        {
          "schema_version": 1,
          "attributes": {
            "arn": "arn:aws:ec2:us-east-1:720962009706:subnet/subnet-060fb8a1332b5a995",
            "assign_ipv6_address_on_creation": false,
            "availability_zone": "us-east-1f",
            "availability_zone_id": "use1-az5",
            "cidr_block": "192.168.1.0/24",
            "id": "subnet-060fb8a1332b5a995",
            "ipv6_cidr_block": "",
            "ipv6_cidr_block_association_id": "",
            "map_public_ip_on_launch": false,
            "owner_id": "720962009706",
            "tags": {
              "Name": "subnet-1",
              "type": "public-subnet",
              "vpc-name": "my-custom-vpc"
            },
            "timeouts": null,
            "vpc_id": "vpc-0d101e339f8ec4bb7"
          },
          "private": "eyJlMmJmYjczMC1lY2FhLTExZTYtOGY4OC0zNDM2M2JjN2M0YzAiOnsiY3JlYXRlIjo2MDAwMDAwMDAwMDAsImRlbGV0ZSI6MTIwMDAwMDAwMDAwMH0sInNjaGVtYV92ZXJzaW9uIjoiMSJ9",
          "dependencies": [
            "aws_vpc.my-custom-vpc"
          ]
        }
      ]
    },
    {
      "mode": "managed",
      "type": "aws_vpc",
      "name": "my-custom-vpc",
      "provider": "provider.aws",
      "instances": [
        {
          "schema_version": 1,
          "attributes": {
            "arn": "arn:aws:ec2:us-east-1:720962009706:vpc/vpc-0d101e339f8ec4bb7",
            "assign_generated_ipv6_cidr_block": false,
            "cidr_block": "192.168.0.0/16",
            "default_network_acl_id": "acl-06a502234d8698b47",
            "default_route_table_id": "rtb-06c887b3dfd5e9975",
            "default_security_group_id": "sg-0c8e05d32c43b3c5b",
            "dhcp_options_id": "dopt-0d3b7859a0532bad4",
            "enable_classiclink": false,
            "enable_classiclink_dns_support": false,
            "enable_dns_hostnames": false,
            "enable_dns_support": true,
            "id": "vpc-0d101e339f8ec4bb7",
            "instance_tenancy": "default",
            "ipv6_association_id": "",
            "ipv6_cidr_block": "",
            "main_route_table_id": "rtb-06c887b3dfd5e9975",
            "owner_id": "720962009706",
            "tags": {
              "Name": "my-custom-vpc",
              "owner": "cloud_user"
            }
          },
          "private": "eyJzY2hlbWFfdmVyc2lvbiI6IjEifQ=="
        }
      ]
    }
  ]
}
